
Microsoft Visual Studio Solution File, Format Version 12.00
# Visual Studio Version 16
VisualStudioVersion = 16.0.28606.126
MinimumVisualStudioVersion = 10.0.40219.1
Project("{FAE04EC0-301F-11D3-BF4B-00C04F79EFBC}") = "proxy-dotnetcore", "proxy-dotnetcore\proxy-dotnetcore.csproj", "{5F07E961-2233-47C6-A22F-00B82D24241D}"
EndProject
Project("{FAE04EC0-301F-11D3-BF4B-00C04F79EFBC}") = "proxy-dotnetcore-tests", "proxy-dotnetcore-tests\proxy-dotnetcore-tests.csproj", "{04075FA2-FF3B-4BD0-8E1D-796A2495225C}"
EndProject
Global
	GlobalSection(SolutionConfigurationPlatforms) = preSolution
		Debug|Any CPU = Debug|Any CPU
		Release|Any CPU = Release|Any CPU
	EndGlobalSection
	GlobalSection(ProjectConfigurationPlatforms) = postSolution
		{5F07E961-2233-47C6-A22F-00B82D24241D}.Debug|Any CPU.ActiveCfg = Debug|Any CPU
		{5F07E961-2233-47C6-A22F-00B82D24241D}.Debug|Any CPU.Build.0 = Debug|Any CPU
		{5F07E961-2233-47C6-A22F-00B82D24241D}.Release|Any CPU.ActiveCfg = Release|Any CPU
		{5F07E961-2233-47C6-A22F-00B82D24241D}.Release|Any CPU.Build.0 = Release|Any CPU
		{04075FA2-FF3B-4BD0-8E1D-796A2495225C}.Debug|Any CPU.ActiveCfg = Debug|Any CPU
		{04075FA2-FF3B-4BD0-8E1D-796A2495225C}.Debug|Any CPU.Build.0 = Debug|Any CPU
		{04075FA2-FF3B-4BD0-8E1D-796A2495225C}.Release|Any CPU.ActiveCfg = Release|Any CPU
		{04075FA2-FF3B-4BD0-8E1D-796A2495225C}.Release|Any CPU.Build.0 = Release|Any CPU
	EndGlobalSection
	GlobalSection(SolutionProperties) = preSolution
		HideSolutionNode = FALSE
	EndGlobalSection
	GlobalSection(ExtensibilityGlobals) = postSolution
		SolutionGuid = {B9E585A5-7683-4CAE-8257-E022635D5177}
	EndGlobalSection
EndGlobal
