
Microsoft Visual Studio Solution File, Format Version 12.00
# Visual Studio Version 16
VisualStudioVersion = 16.0.28606.126
MinimumVisualStudioVersion = 10.0.40219.1
Project("{9A19103F-16F7-4668-BE54-9A1E7A4F7556}") = "proxy-dotnetcore", "proxy-dotnetcore\proxy-dotnetcore.csproj", "{5F07E961-2233-47C6-A22F-00B82D24241D}"
EndProject
Project("{9A19103F-16F7-4668-BE54-9A1E7A4F7556}") = "proxy-dotnetcore-tests", "proxy-dotnetcore-tests\proxy-dotnetcore-tests.csproj", "{47BAB5DB-38F5-4FC0-8C24-2A6324917CCB}"
EndProject
Global
	GlobalSection(SolutionConfigurationPlatforms) = preSolution
		Debug|Any CPU = Debug|Any CPU
		Release|Any CPU = Release|Any CPU
	EndGlobalSection
	GlobalSection(ProjectConfigurationPlatforms) = postSolution
		{5F07E961-2233-47C6-A22F-00B82D24241D}.Debug|Any CPU.ActiveCfg = Debug|Any CPU
		{5F07E961-2233-47C6-A22F-00B82D24241D}.Debug|Any CPU.Build.0 = Debug|Any CPU
		{5F07E961-2233-47C6-A22F-00B82D24241D}.Release|Any CPU.ActiveCfg = Release|Any CPU
		{5F07E961-2233-47C6-A22F-00B82D24241D}.Release|Any CPU.Build.0 = Release|Any CPU
		{47BAB5DB-38F5-4FC0-8C24-2A6324917CCB}.Debug|Any CPU.ActiveCfg = Debug|Any CPU
		{47BAB5DB-38F5-4FC0-8C24-2A6324917CCB}.Debug|Any CPU.Build.0 = Debug|Any CPU
		{47BAB5DB-38F5-4FC0-8C24-2A6324917CCB}.Release|Any CPU.ActiveCfg = Release|Any CPU
		{47BAB5DB-38F5-4FC0-8C24-2A6324917CCB}.Release|Any CPU.Build.0 = Release|Any CPU
	EndGlobalSection
	GlobalSection(SolutionProperties) = preSolution
		HideSolutionNode = FALSE
	EndGlobalSection
	GlobalSection(ExtensibilityGlobals) = postSolution
		SolutionGuid = {B9E585A5-7683-4CAE-8257-E022635D5177}
	EndGlobalSection
EndGlobal
